
Microsoft Visual Studio Solution File, Format Version 12.00
# Visual Studio 15
VisualStudioVersion = 15.0.27703.2018
MinimumVisualStudioVersion = 10.0.40219.1
Project("{FAE04EC0-301F-11D3-BF4B-00C04F79EFBC}") = "PFE.Android", "PFE\PFE.Android\PFE.Android.csproj", "{DBEAA069-CDBC-4867-8F95-CC2A7A5208F4}"
EndProject
Project("{FAE04EC0-301F-11D3-BF4B-00C04F79EFBC}") = "PFE.iOS", "PFE\PFE.iOS\PFE.iOS.csproj", "{7522E09A-00D0-45BB-9FCF-98065EF218C7}"
EndProject
Project("{FAE04EC0-301F-11D3-BF4B-00C04F79EFBC}") = "PFE.UWP", "PFE\PFE.UWP\PFE.UWP.csproj", "{534B3593-4E44-49B6-90F4-A7881F084D13}"
EndProject
Project("{FAE04EC0-301F-11D3-BF4B-00C04F79EFBC}") = "PFE", "PFE\PFE\PFE.csproj", "{C0D1F506-6B91-4DC9-8B29-1D19F30984D7}"
EndProject
Global
	GlobalSection(SolutionConfigurationPlatforms) = preSolution
		Ad-Hoc|Any CPU = Ad-Hoc|Any CPU
		Ad-Hoc|ARM = Ad-Hoc|ARM
		Ad-Hoc|iPhone = Ad-Hoc|iPhone
		Ad-Hoc|iPhoneSimulator = Ad-Hoc|iPhoneSimulator
		Ad-Hoc|x64 = Ad-Hoc|x64
		Ad-Hoc|x86 = Ad-Hoc|x86
		AppStore|Any CPU = AppStore|Any CPU
		AppStore|ARM = AppStore|ARM
		AppStore|iPhone = AppStore|iPhone
		AppStore|iPhoneSimulator = AppStore|iPhoneSimulator
		AppStore|x64 = AppStore|x64
		AppStore|x86 = AppStore|x86
		Debug|Any CPU = Debug|Any CPU
		Debug|ARM = Debug|ARM
		Debug|iPhone = Debug|iPhone
		Debug|iPhoneSimulator = Debug|iPhoneSimulator
		Debug|x64 = Debug|x64
		Debug|x86 = Debug|x86
		Release|Any CPU = Release|Any CPU
		Release|ARM = Release|ARM
		Release|iPhone = Release|iPhone
		Release|iPhoneSimulator = Release|iPhoneSimulator
		Release|x64 = Release|x64
		Release|x86 = Release|x86
	EndGlobalSection
	GlobalSection(ProjectConfigurationPlatforms) = postSolution
		{DBEAA069-CDBC-4867-8F95-CC2A7A5208F4}.Ad-Hoc|Any CPU.ActiveCfg = Release|Any CPU
		{DBEAA069-CDBC-4867-8F95-CC2A7A5208F4}.Ad-Hoc|Any CPU.Build.0 = Release|Any CPU
		{DBEAA069-CDBC-4867-8F95-CC2A7A5208F4}.Ad-Hoc|Any CPU.Deploy.0 = Release|Any CPU
		{DBEAA069-CDBC-4867-8F95-CC2A7A5208F4}.Ad-Hoc|ARM.ActiveCfg = Release|Any CPU
		{DBEAA069-CDBC-4867-8F95-CC2A7A5208F4}.Ad-Hoc|ARM.Build.0 = Release|Any CPU
		{DBEAA069-CDBC-4867-8F95-CC2A7A5208F4}.Ad-Hoc|ARM.Deploy.0 = Release|Any CPU
		{DBEAA069-CDBC-4867-8F95-CC2A7A5208F4}.Ad-Hoc|iPhone.ActiveCfg = Release|Any CPU
		{DBEAA069-CDBC-4867-8F95-CC2A7A5208F4}.Ad-Hoc|iPhone.Build.0 = Release|Any CPU
		{DBEAA069-CDBC-4867-8F95-CC2A7A5208F4}.Ad-Hoc|iPhone.Deploy.0 = Release|Any CPU
		{DBEAA069-CDBC-4867-8F95-CC2A7A5208F4}.Ad-Hoc|iPhoneSimulator.ActiveCfg = Release|Any CPU
		{DBEAA069-CDBC-4867-8F95-CC2A7A5208F4}.Ad-Hoc|iPhoneSimulator.Build.0 = Release|Any CPU
		{DBEAA069-CDBC-4867-8F95-CC2A7A5208F4}.Ad-Hoc|iPhoneSimulator.Deploy.0 = Release|Any CPU
		{DBEAA069-CDBC-4867-8F95-CC2A7A5208F4}.Ad-Hoc|x64.ActiveCfg = Release|Any CPU
		{DBEAA069-CDBC-4867-8F95-CC2A7A5208F4}.Ad-Hoc|x64.Build.0 = Release|Any CPU
		{DBEAA069-CDBC-4867-8F95-CC2A7A5208F4}.Ad-Hoc|x64.Deploy.0 = Release|Any CPU
		{DBEAA069-CDBC-4867-8F95-CC2A7A5208F4}.Ad-Hoc|x86.ActiveCfg = Release|Any CPU
		{DBEAA069-CDBC-4867-8F95-CC2A7A5208F4}.Ad-Hoc|x86.Build.0 = Release|Any CPU
		{DBEAA069-CDBC-4867-8F95-CC2A7A5208F4}.Ad-Hoc|x86.Deploy.0 = Release|Any CPU
		{DBEAA069-CDBC-4867-8F95-CC2A7A5208F4}.AppStore|Any CPU.ActiveCfg = Release|Any CPU
		{DBEAA069-CDBC-4867-8F95-CC2A7A5208F4}.AppStore|Any CPU.Build.0 = Release|Any CPU
		{DBEAA069-CDBC-4867-8F95-CC2A7A5208F4}.AppStore|Any CPU.Deploy.0 = Release|Any CPU
		{DBEAA069-CDBC-4867-8F95-CC2A7A5208F4}.AppStore|ARM.ActiveCfg = Release|Any CPU
		{DBEAA069-CDBC-4867-8F95-CC2A7A5208F4}.AppStore|ARM.Build.0 = Release|Any CPU
		{DBEAA069-CDBC-4867-8F95-CC2A7A5208F4}.AppStore|ARM.Deploy.0 = Release|Any CPU
		{DBEAA069-CDBC-4867-8F95-CC2A7A5208F4}.AppStore|iPhone.ActiveCfg = Release|Any CPU
		{DBEAA069-CDBC-4867-8F95-CC2A7A5208F4}.AppStore|iPhone.Build.0 = Release|Any CPU
		{DBEAA069-CDBC-4867-8F95-CC2A7A5208F4}.AppStore|iPhone.Deploy.0 = Release|Any CPU
		{DBEAA069-CDBC-4867-8F95-CC2A7A5208F4}.AppStore|iPhoneSimulator.ActiveCfg = Release|Any CPU
		{DBEAA069-CDBC-4867-8F95-CC2A7A5208F4}.AppStore|iPhoneSimulator.Build.0 = Release|Any CPU
		{DBEAA069-CDBC-4867-8F95-CC2A7A5208F4}.AppStore|iPhoneSimulator.Deploy.0 = Release|Any CPU
		{DBEAA069-CDBC-4867-8F95-CC2A7A5208F4}.AppStore|x64.ActiveCfg = Release|Any CPU
		{DBEAA069-CDBC-4867-8F95-CC2A7A5208F4}.AppStore|x64.Build.0 = Release|Any CPU
		{DBEAA069-CDBC-4867-8F95-CC2A7A5208F4}.AppStore|x64.Deploy.0 = Release|Any CPU
		{DBEAA069-CDBC-4867-8F95-CC2A7A5208F4}.AppStore|x86.ActiveCfg = Release|Any CPU
		{DBEAA069-CDBC-4867-8F95-CC2A7A5208F4}.AppStore|x86.Build.0 = Release|Any CPU
		{DBEAA069-CDBC-4867-8F95-CC2A7A5208F4}.AppStore|x86.Deploy.0 = Release|Any CPU
		{DBEAA069-CDBC-4867-8F95-CC2A7A5208F4}.Debug|Any CPU.ActiveCfg = Debug|Any CPU
		{DBEAA069-CDBC-4867-8F95-CC2A7A5208F4}.Debug|Any CPU.Build.0 = Debug|Any CPU
		{DBEAA069-CDBC-4867-8F95-CC2A7A5208F4}.Debug|Any CPU.Deploy.0 = Debug|Any CPU
		{DBEAA069-CDBC-4867-8F95-CC2A7A5208F4}.Debug|ARM.ActiveCfg = Debug|Any CPU
		{DBEAA069-CDBC-4867-8F95-CC2A7A5208F4}.Debug|ARM.Build.0 = Debug|Any CPU
		{DBEAA069-CDBC-4867-8F95-CC2A7A5208F4}.Debug|ARM.Deploy.0 = Debug|Any CPU
		{DBEAA069-CDBC-4867-8F95-CC2A7A5208F4}.Debug|iPhone.ActiveCfg = Debug|Any CPU
		{DBEAA069-CDBC-4867-8F95-CC2A7A5208F4}.Debug|iPhone.Build.0 = Debug|Any CPU
		{DBEAA069-CDBC-4867-8F95-CC2A7A5208F4}.Debug|iPhone.Deploy.0 = Debug|Any CPU
		{DBEAA069-CDBC-4867-8F95-CC2A7A5208F4}.Debug|iPhoneSimulator.ActiveCfg = Debug|Any CPU
		{DBEAA069-CDBC-4867-8F95-CC2A7A5208F4}.Debug|iPhoneSimulator.Build.0 = Debug|Any CPU
		{DBEAA069-CDBC-4867-8F95-CC2A7A5208F4}.Debug|iPhoneSimulator.Deploy.0 = Debug|Any CPU
		{DBEAA069-CDBC-4867-8F95-CC2A7A5208F4}.Debug|x64.ActiveCfg = Debug|Any CPU
		{DBEAA069-CDBC-4867-8F95-CC2A7A5208F4}.Debug|x64.Build.0 = Debug|Any CPU
		{DBEAA069-CDBC-4867-8F95-CC2A7A5208F4}.Debug|x64.Deploy.0 = Debug|Any CPU
		{DBEAA069-CDBC-4867-8F95-CC2A7A5208F4}.Debug|x86.ActiveCfg = Debug|Any CPU
		{DBEAA069-CDBC-4867-8F95-CC2A7A5208F4}.Debug|x86.Build.0 = Debug|Any CPU
		{DBEAA069-CDBC-4867-8F95-CC2A7A5208F4}.Debug|x86.Deploy.0 = Debug|Any CPU
		{DBEAA069-CDBC-4867-8F95-CC2A7A5208F4}.Release|Any CPU.ActiveCfg = Release|Any CPU
		{DBEAA069-CDBC-4867-8F95-CC2A7A5208F4}.Release|Any CPU.Build.0 = Release|Any CPU
		{DBEAA069-CDBC-4867-8F95-CC2A7A5208F4}.Release|Any CPU.Deploy.0 = Release|Any CPU
		{DBEAA069-CDBC-4867-8F95-CC2A7A5208F4}.Release|ARM.ActiveCfg = Release|Any CPU
		{DBEAA069-CDBC-4867-8F95-CC2A7A5208F4}.Release|ARM.Build.0 = Release|Any CPU
		{DBEAA069-CDBC-4867-8F95-CC2A7A5208F4}.Release|ARM.Deploy.0 = Release|Any CPU
		{DBEAA069-CDBC-4867-8F95-CC2A7A5208F4}.Release|iPhone.ActiveCfg = Release|Any CPU
		{DBEAA069-CDBC-4867-8F95-CC2A7A5208F4}.Release|iPhone.Build.0 = Release|Any CPU
		{DBEAA069-CDBC-4867-8F95-CC2A7A5208F4}.Release|iPhone.Deploy.0 = Release|Any CPU
		{DBEAA069-CDBC-4867-8F95-CC2A7A5208F4}.Release|iPhoneSimulator.ActiveCfg = Release|Any CPU
		{DBEAA069-CDBC-4867-8F95-CC2A7A5208F4}.Release|iPhoneSimulator.Build.0 = Release|Any CPU
		{DBEAA069-CDBC-4867-8F95-CC2A7A5208F4}.Release|iPhoneSimulator.Deploy.0 = Release|Any CPU
		{DBEAA069-CDBC-4867-8F95-CC2A7A5208F4}.Release|x64.ActiveCfg = Release|Any CPU
		{DBEAA069-CDBC-4867-8F95-CC2A7A5208F4}.Release|x64.Build.0 = Release|Any CPU
		{DBEAA069-CDBC-4867-8F95-CC2A7A5208F4}.Release|x64.Deploy.0 = Release|Any CPU
		{DBEAA069-CDBC-4867-8F95-CC2A7A5208F4}.Release|x86.ActiveCfg = Release|Any CPU
		{DBEAA069-CDBC-4867-8F95-CC2A7A5208F4}.Release|x86.Build.0 = Release|Any CPU
		{DBEAA069-CDBC-4867-8F95-CC2A7A5208F4}.Release|x86.Deploy.0 = Release|Any CPU
		{7522E09A-00D0-45BB-9FCF-98065EF218C7}.Ad-Hoc|Any CPU.ActiveCfg = Ad-Hoc|iPhone
		{7522E09A-00D0-45BB-9FCF-98065EF218C7}.Ad-Hoc|Any CPU.Build.0 = Ad-Hoc|iPhone
		{7522E09A-00D0-45BB-9FCF-98065EF218C7}.Ad-Hoc|Any CPU.Deploy.0 = Ad-Hoc|iPhone
		{7522E09A-00D0-45BB-9FCF-98065EF218C7}.Ad-Hoc|ARM.ActiveCfg = Ad-Hoc|iPhone
		{7522E09A-00D0-45BB-9FCF-98065EF218C7}.Ad-Hoc|ARM.Build.0 = Ad-Hoc|iPhone
		{7522E09A-00D0-45BB-9FCF-98065EF218C7}.Ad-Hoc|ARM.Deploy.0 = Ad-Hoc|iPhone
		{7522E09A-00D0-45BB-9FCF-98065EF218C7}.Ad-Hoc|iPhone.ActiveCfg = Ad-Hoc|iPhone
		{7522E09A-00D0-45BB-9FCF-98065EF218C7}.Ad-Hoc|iPhone.Build.0 = Ad-Hoc|iPhone
		{7522E09A-00D0-45BB-9FCF-98065EF218C7}.Ad-Hoc|iPhone.Deploy.0 = Ad-Hoc|iPhone
		{7522E09A-00D0-45BB-9FCF-98065EF218C7}.Ad-Hoc|iPhoneSimulator.ActiveCfg = Ad-Hoc|iPhoneSimulator
		{7522E09A-00D0-45BB-9FCF-98065EF218C7}.Ad-Hoc|iPhoneSimulator.Build.0 = Ad-Hoc|iPhoneSimulator
		{7522E09A-00D0-45BB-9FCF-98065EF218C7}.Ad-Hoc|iPhoneSimulator.Deploy.0 = Ad-Hoc|iPhoneSimulator
		{7522E09A-00D0-45BB-9FCF-98065EF218C7}.Ad-Hoc|x64.ActiveCfg = Ad-Hoc|iPhone
		{7522E09A-00D0-45BB-9FCF-98065EF218C7}.Ad-Hoc|x64.Build.0 = Ad-Hoc|iPhone
		{7522E09A-00D0-45BB-9FCF-98065EF218C7}.Ad-Hoc|x64.Deploy.0 = Ad-Hoc|iPhone
		{7522E09A-00D0-45BB-9FCF-98065EF218C7}.Ad-Hoc|x86.ActiveCfg = Ad-Hoc|iPhone
		{7522E09A-00D0-45BB-9FCF-98065EF218C7}.Ad-Hoc|x86.Build.0 = Ad-Hoc|iPhone
		{7522E09A-00D0-45BB-9FCF-98065EF218C7}.Ad-Hoc|x86.Deploy.0 = Ad-Hoc|iPhone
		{7522E09A-00D0-45BB-9FCF-98065EF218C7}.AppStore|Any CPU.ActiveCfg = AppStore|iPhone
		{7522E09A-00D0-45BB-9FCF-98065EF218C7}.AppStore|Any CPU.Build.0 = AppStore|iPhone
		{7522E09A-00D0-45BB-9FCF-98065EF218C7}.AppStore|Any CPU.Deploy.0 = AppStore|iPhone
		{7522E09A-00D0-45BB-9FCF-98065EF218C7}.AppStore|ARM.ActiveCfg = AppStore|iPhone
		{7522E09A-00D0-45BB-9FCF-98065EF218C7}.AppStore|ARM.Build.0 = AppStore|iPhone
		{7522E09A-00D0-45BB-9FCF-98065EF218C7}.AppStore|ARM.Deploy.0 = AppStore|iPhone
		{7522E09A-00D0-45BB-9FCF-98065EF218C7}.AppStore|iPhone.ActiveCfg = AppStore|iPhone
		{7522E09A-00D0-45BB-9FCF-98065EF218C7}.AppStore|iPhone.Build.0 = AppStore|iPhone
		{7522E09A-00D0-45BB-9FCF-98065EF218C7}.AppStore|iPhone.Deploy.0 = AppStore|iPhone
		{7522E09A-00D0-45BB-9FCF-98065EF218C7}.AppStore|iPhoneSimulator.ActiveCfg = AppStore|iPhoneSimulator
		{7522E09A-00D0-45BB-9FCF-98065EF218C7}.AppStore|iPhoneSimulator.Build.0 = AppStore|iPhoneSimulator
		{7522E09A-00D0-45BB-9FCF-98065EF218C7}.AppStore|iPhoneSimulator.Deploy.0 = AppStore|iPhoneSimulator
		{7522E09A-00D0-45BB-9FCF-98065EF218C7}.AppStore|x64.ActiveCfg = AppStore|iPhone
		{7522E09A-00D0-45BB-9FCF-98065EF218C7}.AppStore|x64.Build.0 = AppStore|iPhone
		{7522E09A-00D0-45BB-9FCF-98065EF218C7}.AppStore|x64.Deploy.0 = AppStore|iPhone
		{7522E09A-00D0-45BB-9FCF-98065EF218C7}.AppStore|x86.ActiveCfg = AppStore|iPhone
		{7522E09A-00D0-45BB-9FCF-98065EF218C7}.AppStore|x86.Build.0 = AppStore|iPhone
		{7522E09A-00D0-45BB-9FCF-98065EF218C7}.AppStore|x86.Deploy.0 = AppStore|iPhone
		{7522E09A-00D0-45BB-9FCF-98065EF218C7}.Debug|Any CPU.ActiveCfg = Debug|iPhoneSimulator
		{7522E09A-00D0-45BB-9FCF-98065EF218C7}.Debug|Any CPU.Build.0 = Debug|iPhoneSimulator
		{7522E09A-00D0-45BB-9FCF-98065EF218C7}.Debug|Any CPU.Deploy.0 = Debug|iPhoneSimulator
		{7522E09A-00D0-45BB-9FCF-98065EF218C7}.Debug|ARM.ActiveCfg = Debug|iPhone
		{7522E09A-00D0-45BB-9FCF-98065EF218C7}.Debug|ARM.Build.0 = Debug|iPhone
		{7522E09A-00D0-45BB-9FCF-98065EF218C7}.Debug|ARM.Deploy.0 = Debug|iPhone
		{7522E09A-00D0-45BB-9FCF-98065EF218C7}.Debug|iPhone.ActiveCfg = Debug|iPhone
		{7522E09A-00D0-45BB-9FCF-98065EF218C7}.Debug|iPhone.Build.0 = Debug|iPhone
		{7522E09A-00D0-45BB-9FCF-98065EF218C7}.Debug|iPhone.Deploy.0 = Debug|iPhone
		{7522E09A-00D0-45BB-9FCF-98065EF218C7}.Debug|iPhoneSimulator.ActiveCfg = Debug|iPhoneSimulator
		{7522E09A-00D0-45BB-9FCF-98065EF218C7}.Debug|iPhoneSimulator.Build.0 = Debug|iPhoneSimulator
		{7522E09A-00D0-45BB-9FCF-98065EF218C7}.Debug|iPhoneSimulator.Deploy.0 = Debug|iPhoneSimulator
		{7522E09A-00D0-45BB-9FCF-98065EF218C7}.Debug|x64.ActiveCfg = Debug|iPhone
		{7522E09A-00D0-45BB-9FCF-98065EF218C7}.Debug|x64.Build.0 = Debug|iPhone
		{7522E09A-00D0-45BB-9FCF-98065EF218C7}.Debug|x64.Deploy.0 = Debug|iPhone
		{7522E09A-00D0-45BB-9FCF-98065EF218C7}.Debug|x86.ActiveCfg = Debug|iPhone
		{7522E09A-00D0-45BB-9FCF-98065EF218C7}.Debug|x86.Build.0 = Debug|iPhone
		{7522E09A-00D0-45BB-9FCF-98065EF218C7}.Debug|x86.Deploy.0 = Debug|iPhone
		{7522E09A-00D0-45BB-9FCF-98065EF218C7}.Release|Any CPU.ActiveCfg = Release|iPhone
		{7522E09A-00D0-45BB-9FCF-98065EF218C7}.Release|Any CPU.Build.0 = Release|iPhone
		{7522E09A-00D0-45BB-9FCF-98065EF218C7}.Release|Any CPU.Deploy.0 = Release|iPhone
		{7522E09A-00D0-45BB-9FCF-98065EF218C7}.Release|ARM.ActiveCfg = Release|iPhone
		{7522E09A-00D0-45BB-9FCF-98065EF218C7}.Release|ARM.Build.0 = Release|iPhone
		{7522E09A-00D0-45BB-9FCF-98065EF218C7}.Release|ARM.Deploy.0 = Release|iPhone
		{7522E09A-00D0-45BB-9FCF-98065EF218C7}.Release|iPhone.ActiveCfg = Release|iPhone
		{7522E09A-00D0-45BB-9FCF-98065EF218C7}.Release|iPhone.Build.0 = Release|iPhone
		{7522E09A-00D0-45BB-9FCF-98065EF218C7}.Release|iPhone.Deploy.0 = Release|iPhone
		{7522E09A-00D0-45BB-9FCF-98065EF218C7}.Release|iPhoneSimulator.ActiveCfg = Release|iPhoneSimulator
		{7522E09A-00D0-45BB-9FCF-98065EF218C7}.Release|iPhoneSimulator.Build.0 = Release|iPhoneSimulator
		{7522E09A-00D0-45BB-9FCF-98065EF218C7}.Release|iPhoneSimulator.Deploy.0 = Release|iPhoneSimulator
		{7522E09A-00D0-45BB-9FCF-98065EF218C7}.Release|x64.ActiveCfg = Release|iPhone
		{7522E09A-00D0-45BB-9FCF-98065EF218C7}.Release|x64.Build.0 = Release|iPhone
		{7522E09A-00D0-45BB-9FCF-98065EF218C7}.Release|x64.Deploy.0 = Release|iPhone
		{7522E09A-00D0-45BB-9FCF-98065EF218C7}.Release|x86.ActiveCfg = Release|iPhone
		{7522E09A-00D0-45BB-9FCF-98065EF218C7}.Release|x86.Build.0 = Release|iPhone
		{7522E09A-00D0-45BB-9FCF-98065EF218C7}.Release|x86.Deploy.0 = Release|iPhone
		{534B3593-4E44-49B6-90F4-A7881F084D13}.Ad-Hoc|Any CPU.ActiveCfg = Release|x86
		{534B3593-4E44-49B6-90F4-A7881F084D13}.Ad-Hoc|Any CPU.Build.0 = Release|x86
		{534B3593-4E44-49B6-90F4-A7881F084D13}.Ad-Hoc|Any CPU.Deploy.0 = Release|x86
		{534B3593-4E44-49B6-90F4-A7881F084D13}.Ad-Hoc|ARM.ActiveCfg = Release|ARM
		{534B3593-4E44-49B6-90F4-A7881F084D13}.Ad-Hoc|ARM.Build.0 = Release|ARM
		{534B3593-4E44-49B6-90F4-A7881F084D13}.Ad-Hoc|ARM.Deploy.0 = Release|ARM
		{534B3593-4E44-49B6-90F4-A7881F084D13}.Ad-Hoc|iPhone.ActiveCfg = Release|x86
		{534B3593-4E44-49B6-90F4-A7881F084D13}.Ad-Hoc|iPhone.Build.0 = Release|x86
		{534B3593-4E44-49B6-90F4-A7881F084D13}.Ad-Hoc|iPhone.Deploy.0 = Release|x86
		{534B3593-4E44-49B6-90F4-A7881F084D13}.Ad-Hoc|iPhoneSimulator.ActiveCfg = Release|x86
		{534B3593-4E44-49B6-90F4-A7881F084D13}.Ad-Hoc|iPhoneSimulator.Build.0 = Release|x86
		{534B3593-4E44-49B6-90F4-A7881F084D13}.Ad-Hoc|iPhoneSimulator.Deploy.0 = Release|x86
		{534B3593-4E44-49B6-90F4-A7881F084D13}.Ad-Hoc|x64.ActiveCfg = Release|x64
		{534B3593-4E44-49B6-90F4-A7881F084D13}.Ad-Hoc|x64.Build.0 = Release|x64
		{534B3593-4E44-49B6-90F4-A7881F084D13}.Ad-Hoc|x64.Deploy.0 = Release|x64
		{534B3593-4E44-49B6-90F4-A7881F084D13}.Ad-Hoc|x86.ActiveCfg = Release|x86
		{534B3593-4E44-49B6-90F4-A7881F084D13}.Ad-Hoc|x86.Build.0 = Release|x86
		{534B3593-4E44-49B6-90F4-A7881F084D13}.Ad-Hoc|x86.Deploy.0 = Release|x86
		{534B3593-4E44-49B6-90F4-A7881F084D13}.AppStore|Any CPU.ActiveCfg = Release|x86
		{534B3593-4E44-49B6-90F4-A7881F084D13}.AppStore|Any CPU.Build.0 = Release|x86
		{534B3593-4E44-49B6-90F4-A7881F084D13}.AppStore|Any CPU.Deploy.0 = Release|x86
		{534B3593-4E44-49B6-90F4-A7881F084D13}.AppStore|ARM.ActiveCfg = Release|ARM
		{534B3593-4E44-49B6-90F4-A7881F084D13}.AppStore|ARM.Build.0 = Release|ARM
		{534B3593-4E44-49B6-90F4-A7881F084D13}.AppStore|ARM.Deploy.0 = Release|ARM
		{534B3593-4E44-49B6-90F4-A7881F084D13}.AppStore|iPhone.ActiveCfg = Release|x86
		{534B3593-4E44-49B6-90F4-A7881F084D13}.AppStore|iPhone.Build.0 = Release|x86
		{534B3593-4E44-49B6-90F4-A7881F084D13}.AppStore|iPhone.Deploy.0 = Release|x86
		{534B3593-4E44-49B6-90F4-A7881F084D13}.AppStore|iPhoneSimulator.ActiveCfg = Release|x86
		{534B3593-4E44-49B6-90F4-A7881F084D13}.AppStore|iPhoneSimulator.Build.0 = Release|x86
		{534B3593-4E44-49B6-90F4-A7881F084D13}.AppStore|iPhoneSimulator.Deploy.0 = Release|x86
		{534B3593-4E44-49B6-90F4-A7881F084D13}.AppStore|x64.ActiveCfg = Release|x64
		{534B3593-4E44-49B6-90F4-A7881F084D13}.AppStore|x64.Build.0 = Release|x64
		{534B3593-4E44-49B6-90F4-A7881F084D13}.AppStore|x64.Deploy.0 = Release|x64
		{534B3593-4E44-49B6-90F4-A7881F084D13}.AppStore|x86.ActiveCfg = Release|x86
		{534B3593-4E44-49B6-90F4-A7881F084D13}.AppStore|x86.Build.0 = Release|x86
		{534B3593-4E44-49B6-90F4-A7881F084D13}.AppStore|x86.Deploy.0 = Release|x86
		{534B3593-4E44-49B6-90F4-A7881F084D13}.Debug|Any CPU.ActiveCfg = Debug|x86
		{534B3593-4E44-49B6-90F4-A7881F084D13}.Debug|Any CPU.Build.0 = Debug|x86
		{534B3593-4E44-49B6-90F4-A7881F084D13}.Debug|Any CPU.Deploy.0 = Debug|x86
		{534B3593-4E44-49B6-90F4-A7881F084D13}.Debug|ARM.ActiveCfg = Debug|ARM
		{534B3593-4E44-49B6-90F4-A7881F084D13}.Debug|ARM.Build.0 = Debug|ARM
		{534B3593-4E44-49B6-90F4-A7881F084D13}.Debug|ARM.Deploy.0 = Debug|ARM
		{534B3593-4E44-49B6-90F4-A7881F084D13}.Debug|iPhone.ActiveCfg = Debug|x86
		{534B3593-4E44-49B6-90F4-A7881F084D13}.Debug|iPhone.Build.0 = Debug|x86
		{534B3593-4E44-49B6-90F4-A7881F084D13}.Debug|iPhone.Deploy.0 = Debug|x86
		{534B3593-4E44-49B6-90F4-A7881F084D13}.Debug|iPhoneSimulator.ActiveCfg = Debug|x86
		{534B3593-4E44-49B6-90F4-A7881F084D13}.Debug|iPhoneSimulator.Build.0 = Debug|x86
		{534B3593-4E44-49B6-90F4-A7881F084D13}.Debug|iPhoneSimulator.Deploy.0 = Debug|x86
		{534B3593-4E44-49B6-90F4-A7881F084D13}.Debug|x64.ActiveCfg = Debug|x64
		{534B3593-4E44-49B6-90F4-A7881F084D13}.Debug|x64.Build.0 = Debug|x64
		{534B3593-4E44-49B6-90F4-A7881F084D13}.Debug|x64.Deploy.0 = Debug|x64
		{534B3593-4E44-49B6-90F4-A7881F084D13}.Debug|x86.ActiveCfg = Debug|x86
		{534B3593-4E44-49B6-90F4-A7881F084D13}.Debug|x86.Build.0 = Debug|x86
		{534B3593-4E44-49B6-90F4-A7881F084D13}.Debug|x86.Deploy.0 = Debug|x86
		{534B3593-4E44-49B6-90F4-A7881F084D13}.Release|Any CPU.ActiveCfg = Release|x86
		{534B3593-4E44-49B6-90F4-A7881F084D13}.Release|Any CPU.Build.0 = Release|x86
		{534B3593-4E44-49B6-90F4-A7881F084D13}.Release|Any CPU.Deploy.0 = Release|x86
		{534B3593-4E44-49B6-90F4-A7881F084D13}.Release|ARM.ActiveCfg = Release|ARM
		{534B3593-4E44-49B6-90F4-A7881F084D13}.Release|ARM.Build.0 = Release|ARM
		{534B3593-4E44-49B6-90F4-A7881F084D13}.Release|ARM.Deploy.0 = Release|ARM
		{534B3593-4E44-49B6-90F4-A7881F084D13}.Release|iPhone.ActiveCfg = Release|x86
		{534B3593-4E44-49B6-90F4-A7881F084D13}.Release|iPhone.Build.0 = Release|x86
		{534B3593-4E44-49B6-90F4-A7881F084D13}.Release|iPhone.Deploy.0 = Release|x86
		{534B3593-4E44-49B6-90F4-A7881F084D13}.Release|iPhoneSimulator.ActiveCfg = Release|x86
		{534B3593-4E44-49B6-90F4-A7881F084D13}.Release|iPhoneSimulator.Build.0 = Release|x86
		{534B3593-4E44-49B6-90F4-A7881F084D13}.Release|iPhoneSimulator.Deploy.0 = Release|x86
		{534B3593-4E44-49B6-90F4-A7881F084D13}.Release|x64.ActiveCfg = Release|x64
		{534B3593-4E44-49B6-90F4-A7881F084D13}.Release|x64.Build.0 = Release|x64
		{534B3593-4E44-49B6-90F4-A7881F084D13}.Release|x64.Deploy.0 = Release|x64
		{534B3593-4E44-49B6-90F4-A7881F084D13}.Release|x86.ActiveCfg = Release|x86
		{534B3593-4E44-49B6-90F4-A7881F084D13}.Release|x86.Build.0 = Release|x86
		{534B3593-4E44-49B6-90F4-A7881F084D13}.Release|x86.Deploy.0 = Release|x86
		{C0D1F506-6B91-4DC9-8B29-1D19F30984D7}.Ad-Hoc|Any CPU.ActiveCfg = Debug|Any CPU
		{C0D1F506-6B91-4DC9-8B29-1D19F30984D7}.Ad-Hoc|Any CPU.Build.0 = Debug|Any CPU
		{C0D1F506-6B91-4DC9-8B29-1D19F30984D7}.Ad-Hoc|Any CPU.Deploy.0 = Debug|Any CPU
		{C0D1F506-6B91-4DC9-8B29-1D19F30984D7}.Ad-Hoc|ARM.ActiveCfg = Debug|Any CPU
		{C0D1F506-6B91-4DC9-8B29-1D19F30984D7}.Ad-Hoc|ARM.Build.0 = Debug|Any CPU
		{C0D1F506-6B91-4DC9-8B29-1D19F30984D7}.Ad-Hoc|ARM.Deploy.0 = Debug|Any CPU
		{C0D1F506-6B91-4DC9-8B29-1D19F30984D7}.Ad-Hoc|iPhone.ActiveCfg = Debug|Any CPU
		{C0D1F506-6B91-4DC9-8B29-1D19F30984D7}.Ad-Hoc|iPhone.Build.0 = Debug|Any CPU
		{C0D1F506-6B91-4DC9-8B29-1D19F30984D7}.Ad-Hoc|iPhone.Deploy.0 = Debug|Any CPU
		{C0D1F506-6B91-4DC9-8B29-1D19F30984D7}.Ad-Hoc|iPhoneSimulator.ActiveCfg = Debug|Any CPU
		{C0D1F506-6B91-4DC9-8B29-1D19F30984D7}.Ad-Hoc|iPhoneSimulator.Build.0 = Debug|Any CPU
		{C0D1F506-6B91-4DC9-8B29-1D19F30984D7}.Ad-Hoc|iPhoneSimulator.Deploy.0 = Debug|Any CPU
		{C0D1F506-6B91-4DC9-8B29-1D19F30984D7}.Ad-Hoc|x64.ActiveCfg = Debug|Any CPU
		{C0D1F506-6B91-4DC9-8B29-1D19F30984D7}.Ad-Hoc|x64.Build.0 = Debug|Any CPU
		{C0D1F506-6B91-4DC9-8B29-1D19F30984D7}.Ad-Hoc|x64.Deploy.0 = Debug|Any CPU
		{C0D1F506-6B91-4DC9-8B29-1D19F30984D7}.Ad-Hoc|x86.ActiveCfg = Debug|Any CPU
		{C0D1F506-6B91-4DC9-8B29-1D19F30984D7}.Ad-Hoc|x86.Build.0 = Debug|Any CPU
		{C0D1F506-6B91-4DC9-8B29-1D19F30984D7}.Ad-Hoc|x86.Deploy.0 = Debug|Any CPU
		{C0D1F506-6B91-4DC9-8B29-1D19F30984D7}.AppStore|Any CPU.ActiveCfg = Debug|Any CPU
		{C0D1F506-6B91-4DC9-8B29-1D19F30984D7}.AppStore|Any CPU.Build.0 = Debug|Any CPU
		{C0D1F506-6B91-4DC9-8B29-1D19F30984D7}.AppStore|Any CPU.Deploy.0 = Debug|Any CPU
		{C0D1F506-6B91-4DC9-8B29-1D19F30984D7}.AppStore|ARM.ActiveCfg = Debug|Any CPU
		{C0D1F506-6B91-4DC9-8B29-1D19F30984D7}.AppStore|ARM.Build.0 = Debug|Any CPU
		{C0D1F506-6B91-4DC9-8B29-1D19F30984D7}.AppStore|ARM.Deploy.0 = Debug|Any CPU
		{C0D1F506-6B91-4DC9-8B29-1D19F30984D7}.AppStore|iPhone.ActiveCfg = Debug|Any CPU
		{C0D1F506-6B91-4DC9-8B29-1D19F30984D7}.AppStore|iPhone.Build.0 = Debug|Any CPU
		{C0D1F506-6B91-4DC9-8B29-1D19F30984D7}.AppStore|iPhone.Deploy.0 = Debug|Any CPU
		{C0D1F506-6B91-4DC9-8B29-1D19F30984D7}.AppStore|iPhoneSimulator.ActiveCfg = Debug|Any CPU
		{C0D1F506-6B91-4DC9-8B29-1D19F30984D7}.AppStore|iPhoneSimulator.Build.0 = Debug|Any CPU
		{C0D1F506-6B91-4DC9-8B29-1D19F30984D7}.AppStore|iPhoneSimulator.Deploy.0 = Debug|Any CPU
		{C0D1F506-6B91-4DC9-8B29-1D19F30984D7}.AppStore|x64.ActiveCfg = Debug|Any CPU
		{C0D1F506-6B91-4DC9-8B29-1D19F30984D7}.AppStore|x64.Build.0 = Debug|Any CPU
		{C0D1F506-6B91-4DC9-8B29-1D19F30984D7}.AppStore|x64.Deploy.0 = Debug|Any CPU
		{C0D1F506-6B91-4DC9-8B29-1D19F30984D7}.AppStore|x86.ActiveCfg = Debug|Any CPU
		{C0D1F506-6B91-4DC9-8B29-1D19F30984D7}.AppStore|x86.Build.0 = Debug|Any CPU
		{C0D1F506-6B91-4DC9-8B29-1D19F30984D7}.AppStore|x86.Deploy.0 = Debug|Any CPU
		{C0D1F506-6B91-4DC9-8B29-1D19F30984D7}.Debug|Any CPU.ActiveCfg = Debug|Any CPU
		{C0D1F506-6B91-4DC9-8B29-1D19F30984D7}.Debug|Any CPU.Build.0 = Debug|Any CPU
		{C0D1F506-6B91-4DC9-8B29-1D19F30984D7}.Debug|Any CPU.Deploy.0 = Debug|Any CPU
		{C0D1F506-6B91-4DC9-8B29-1D19F30984D7}.Debug|ARM.ActiveCfg = Debug|Any CPU
		{C0D1F506-6B91-4DC9-8B29-1D19F30984D7}.Debug|ARM.Build.0 = Debug|Any CPU
		{C0D1F506-6B91-4DC9-8B29-1D19F30984D7}.Debug|ARM.Deploy.0 = Debug|Any CPU
		{C0D1F506-6B91-4DC9-8B29-1D19F30984D7}.Debug|iPhone.ActiveCfg = Debug|Any CPU
		{C0D1F506-6B91-4DC9-8B29-1D19F30984D7}.Debug|iPhone.Build.0 = Debug|Any CPU
		{C0D1F506-6B91-4DC9-8B29-1D19F30984D7}.Debug|iPhone.Deploy.0 = Debug|Any CPU
		{C0D1F506-6B91-4DC9-8B29-1D19F30984D7}.Debug|iPhoneSimulator.ActiveCfg = Debug|Any CPU
		{C0D1F506-6B91-4DC9-8B29-1D19F30984D7}.Debug|iPhoneSimulator.Build.0 = Debug|Any CPU
		{C0D1F506-6B91-4DC9-8B29-1D19F30984D7}.Debug|iPhoneSimulator.Deploy.0 = Debug|Any CPU
		{C0D1F506-6B91-4DC9-8B29-1D19F30984D7}.Debug|x64.ActiveCfg = Debug|Any CPU
		{C0D1F506-6B91-4DC9-8B29-1D19F30984D7}.Debug|x64.Build.0 = Debug|Any CPU
		{C0D1F506-6B91-4DC9-8B29-1D19F30984D7}.Debug|x64.Deploy.0 = Debug|Any CPU
		{C0D1F506-6B91-4DC9-8B29-1D19F30984D7}.Debug|x86.ActiveCfg = Debug|Any CPU
		{C0D1F506-6B91-4DC9-8B29-1D19F30984D7}.Debug|x86.Build.0 = Debug|Any CPU
		{C0D1F506-6B91-4DC9-8B29-1D19F30984D7}.Debug|x86.Deploy.0 = Debug|Any CPU
		{C0D1F506-6B91-4DC9-8B29-1D19F30984D7}.Release|Any CPU.ActiveCfg = Release|Any CPU
		{C0D1F506-6B91-4DC9-8B29-1D19F30984D7}.Release|Any CPU.Build.0 = Release|Any CPU
		{C0D1F506-6B91-4DC9-8B29-1D19F30984D7}.Release|Any CPU.Deploy.0 = Release|Any CPU
		{C0D1F506-6B91-4DC9-8B29-1D19F30984D7}.Release|ARM.ActiveCfg = Release|Any CPU
		{C0D1F506-6B91-4DC9-8B29-1D19F30984D7}.Release|ARM.Build.0 = Release|Any CPU
		{C0D1F506-6B91-4DC9-8B29-1D19F30984D7}.Release|ARM.Deploy.0 = Release|Any CPU
		{C0D1F506-6B91-4DC9-8B29-1D19F30984D7}.Release|iPhone.ActiveCfg = Release|Any CPU
		{C0D1F506-6B91-4DC9-8B29-1D19F30984D7}.Release|iPhone.Build.0 = Release|Any CPU
		{C0D1F506-6B91-4DC9-8B29-1D19F30984D7}.Release|iPhone.Deploy.0 = Release|Any CPU
		{C0D1F506-6B91-4DC9-8B29-1D19F30984D7}.Release|iPhoneSimulator.ActiveCfg = Release|Any CPU
		{C0D1F506-6B91-4DC9-8B29-1D19F30984D7}.Release|iPhoneSimulator.Build.0 = Release|Any CPU
		{C0D1F506-6B91-4DC9-8B29-1D19F30984D7}.Release|iPhoneSimulator.Deploy.0 = Release|Any CPU
		{C0D1F506-6B91-4DC9-8B29-1D19F30984D7}.Release|x64.ActiveCfg = Release|Any CPU
		{C0D1F506-6B91-4DC9-8B29-1D19F30984D7}.Release|x64.Build.0 = Release|Any CPU
		{C0D1F506-6B91-4DC9-8B29-1D19F30984D7}.Release|x64.Deploy.0 = Release|Any CPU
		{C0D1F506-6B91-4DC9-8B29-1D19F30984D7}.Release|x86.ActiveCfg = Release|Any CPU
		{C0D1F506-6B91-4DC9-8B29-1D19F30984D7}.Release|x86.Build.0 = Release|Any CPU
		{C0D1F506-6B91-4DC9-8B29-1D19F30984D7}.Release|x86.Deploy.0 = Release|Any CPU
	EndGlobalSection
	GlobalSection(SolutionProperties) = preSolution
		HideSolutionNode = FALSE
	EndGlobalSection
	GlobalSection(ExtensibilityGlobals) = postSolution
		SolutionGuid = {DA33F71A-FCDF-4BE5-9203-9B87746E0492}
	EndGlobalSection
EndGlobal
